// !$*UTF8*$!
{
	archiveVersion = 1;
	classes = {
	};
	objectVersion = 50;
	objects = {

/* Begin PBXBuildFile section */
		2206F61D2378C9A9003182D7 /* StatsListView.swift in Sources */ = {isa = PBXBuildFile; fileRef = 2206F61C2378C9A9003182D7 /* StatsListView.swift */; };
		2220DC9023177E1200C67525 /* Assets.xcassets in Resources */ = {isa = PBXBuildFile; fileRef = 2220DC8F23177E1200C67525 /* Assets.xcassets */; };
		2220DC9323177E1200C67525 /* Preview Assets.xcassets in Resources */ = {isa = PBXBuildFile; fileRef = 2220DC9223177E1200C67525 /* Preview Assets.xcassets */; };
		2220DC9623177E1200C67525 /* LaunchScreen.storyboard in Resources */ = {isa = PBXBuildFile; fileRef = 2220DC9423177E1200C67525 /* LaunchScreen.storyboard */; };
		2220DCA423177E7600C67525 /* AppDelegate.swift in Sources */ = {isa = PBXBuildFile; fileRef = 2220DC9D23177E7500C67525 /* AppDelegate.swift */; };
		2220DCA523177E7600C67525 /* RootView.swift in Sources */ = {isa = PBXBuildFile; fileRef = 2220DC9E23177E7500C67525 /* RootView.swift */; };
		2220DCA623177E7600C67525 /* SceneDelegate.swift in Sources */ = {isa = PBXBuildFile; fileRef = 2220DC9F23177E7500C67525 /* SceneDelegate.swift */; };
		2220DCA723177E7600C67525 /* YourDest.swift in Sources */ = {isa = PBXBuildFile; fileRef = 2220DCA023177E7500C67525 /* YourDest.swift */; };
		2220DCAC231A1DC500C67525 /* Dest.swift in Sources */ = {isa = PBXBuildFile; fileRef = 2220DCAB231A1DC500C67525 /* Dest.swift */; };
		2285E62C2364BCDA004207C1 /* MetricsListView.swift in Sources */ = {isa = PBXBuildFile; fileRef = 2285E62B2364BCDA004207C1 /* MetricsListView.swift */; };
		22FF86A423255FDF00A74880 /* MLNotes.swift in Sources */ = {isa = PBXBuildFile; fileRef = 22FF86A323255FDF00A74880 /* MLNotes.swift */; };
		22FF86B4232EA9DC00A74880 /* SwiftUIViewTopLevel.swift in Sources */ = {isa = PBXBuildFile; fileRef = 22FF86B3232EA9DC00A74880 /* SwiftUIViewTopLevel.swift */; };
		22FF86B6232EAAB700A74880 /* RegressionListView.swift in Sources */ = {isa = PBXBuildFile; fileRef = 22FF86B5232EAAB700A74880 /* RegressionListView.swift */; };
		22FF86B8232EAAD400A74880 /* ClassificationListView.swift in Sources */ = {isa = PBXBuildFile; fileRef = 22FF86B7232EAAD400A74880 /* ClassificationListView.swift */; };
		22FF86BC232EAAF400A74880 /* DeepLearningListView.swift in Sources */ = {isa = PBXBuildFile; fileRef = 22FF86BB232EAAF400A74880 /* DeepLearningListView.swift */; };
		22FF86C4233053A200A74880 /* ClusteringListView.swift in Sources */ = {isa = PBXBuildFile; fileRef = 22FF86C3233053A200A74880 /* ClusteringListView.swift */; };
/* End PBXBuildFile section */

/* Begin PBXFileReference section */
		2206F61C2378C9A9003182D7 /* StatsListView.swift */ = {isa = PBXFileReference; lastKnownFileType = sourcecode.swift; path = StatsListView.swift; sourceTree = "<group>"; };
		2220DC8623177E0F00C67525 /* ListNavTemplate.app */ = {isa = PBXFileReference; explicitFileType = wrapper.application; includeInIndex = 0; path = ListNavTemplate.app; sourceTree = BUILT_PRODUCTS_DIR; };
		2220DC8F23177E1200C67525 /* Assets.xcassets */ = {isa = PBXFileReference; lastKnownFileType = folder.assetcatalog; path = Assets.xcassets; sourceTree = "<group>"; };
		2220DC9223177E1200C67525 /* Preview Assets.xcassets */ = {isa = PBXFileReference; lastKnownFileType = folder.assetcatalog; path = "Preview Assets.xcassets"; sourceTree = "<group>"; };
		2220DC9523177E1200C67525 /* Base */ = {isa = PBXFileReference; lastKnownFileType = file.storyboard; name = Base; path = Base.lproj/LaunchScreen.storyboard; sourceTree = "<group>"; };
		2220DC9723177E1200C67525 /* Info.plist */ = {isa = PBXFileReference; lastKnownFileType = text.plist.xml; path = Info.plist; sourceTree = "<group>"; };
		2220DC9D23177E7500C67525 /* AppDelegate.swift */ = {isa = PBXFileReference; fileEncoding = 4; lastKnownFileType = sourcecode.swift; path = AppDelegate.swift; sourceTree = "<group>"; };
		2220DC9E23177E7500C67525 /* RootView.swift */ = {isa = PBXFileReference; fileEncoding = 4; lastKnownFileType = sourcecode.swift; path = RootView.swift; sourceTree = "<group>"; };
		2220DC9F23177E7500C67525 /* SceneDelegate.swift */ = {isa = PBXFileReference; fileEncoding = 4; lastKnownFileType = sourcecode.swift; path = SceneDelegate.swift; sourceTree = "<group>"; };
		2220DCA023177E7500C67525 /* YourDest.swift */ = {isa = PBXFileReference; fileEncoding = 4; lastKnownFileType = sourcecode.swift; path = YourDest.swift; sourceTree = "<group>"; };
		2220DCAB231A1DC500C67525 /* Dest.swift */ = {isa = PBXFileReference; lastKnownFileType = sourcecode.swift; path = Dest.swift; sourceTree = "<group>"; };
		2285E62B2364BCDA004207C1 /* MetricsListView.swift */ = {isa = PBXFileReference; lastKnownFileType = sourcecode.swift; path = MetricsListView.swift; sourceTree = "<group>"; };
		22FF86A323255FDF00A74880 /* MLNotes.swift */ = {isa = PBXFileReference; lastKnownFileType = sourcecode.swift; path = MLNotes.swift; sourceTree = "<group>"; };
		22FF86B3232EA9DC00A74880 /* SwiftUIViewTopLevel.swift */ = {isa = PBXFileReference; lastKnownFileType = sourcecode.swift; path = SwiftUIViewTopLevel.swift; sourceTree = "<group>"; };
		22FF86B5232EAAB700A74880 /* RegressionListView.swift */ = {isa = PBXFileReference; lastKnownFileType = sourcecode.swift; path = RegressionListView.swift; sourceTree = "<group>"; };
		22FF86B7232EAAD400A74880 /* ClassificationListView.swift */ = {isa = PBXFileReference; lastKnownFileType = sourcecode.swift; path = ClassificationListView.swift; sourceTree = "<group>"; };
		22FF86BB232EAAF400A74880 /* DeepLearningListView.swift */ = {isa = PBXFileReference; lastKnownFileType = sourcecode.swift; path = DeepLearningListView.swift; sourceTree = "<group>"; };
		22FF86C3233053A200A74880 /* ClusteringListView.swift */ = {isa = PBXFileReference; lastKnownFileType = sourcecode.swift; path = ClusteringListView.swift; sourceTree = "<group>"; };
/* End PBXFileReference section */

/* Begin PBXFrameworksBuildPhase section */
		2220DC8323177E0F00C67525 /* Frameworks */ = {
			isa = PBXFrameworksBuildPhase;
			buildActionMask = 2147483647;
			files = (
			);
			runOnlyForDeploymentPostprocessing = 0;
		};
/* End PBXFrameworksBuildPhase section */

/* Begin PBXGroup section */
		2220DC7D23177E0F00C67525 = {
			isa = PBXGroup;
			children = (
				2220DC8823177E0F00C67525 /* ListNavTemplate */,
				2220DC8723177E0F00C67525 /* Products */,
			);
			sourceTree = "<group>";
		};
		2220DC8723177E0F00C67525 /* Products */ = {
			isa = PBXGroup;
			children = (
				2220DC8623177E0F00C67525 /* ListNavTemplate.app */,
			);
			name = Products;
			sourceTree = "<group>";
		};
		2220DC8823177E0F00C67525 /* ListNavTemplate */ = {
			isa = PBXGroup;
			children = (
				2220DC9E23177E7500C67525 /* RootView.swift */,
				22FF86B3232EA9DC00A74880 /* SwiftUIViewTopLevel.swift */,
				22FF86B5232EAAB700A74880 /* RegressionListView.swift */,
				22FF86B7232EAAD400A74880 /* ClassificationListView.swift */,
				22FF86C3233053A200A74880 /* ClusteringListView.swift */,
				2285E62B2364BCDA004207C1 /* MetricsListView.swift */,
				2206F61C2378C9A9003182D7 /* StatsListView.swift */,
				22FF86BB232EAAF400A74880 /* DeepLearningListView.swift */,
				2220DCA023177E7500C67525 /* YourDest.swift */,
				2220DCAB231A1DC500C67525 /* Dest.swift */,
				22FF86A323255FDF00A74880 /* MLNotes.swift */,
				2220DC9D23177E7500C67525 /* AppDelegate.swift */,
				2220DC9F23177E7500C67525 /* SceneDelegate.swift */,
				2220DC8F23177E1200C67525 /* Assets.xcassets */,
				2220DC9423177E1200C67525 /* LaunchScreen.storyboard */,
				2220DC9723177E1200C67525 /* Info.plist */,
				2220DC9123177E1200C67525 /* Preview Content */,
			);
			path = ListNavTemplate;
			sourceTree = "<group>";
		};
		2220DC9123177E1200C67525 /* Preview Content */ = {
			isa = PBXGroup;
			children = (
				2220DC9223177E1200C67525 /* Preview Assets.xcassets */,
			);
			path = "Preview Content";
			sourceTree = "<group>";
		};
/* End PBXGroup section */

/* Begin PBXNativeTarget section */
		2220DC8523177E0F00C67525 /* ListNavTemplate */ = {
			isa = PBXNativeTarget;
			buildConfigurationList = 2220DC9A23177E1200C67525 /* Build configuration list for PBXNativeTarget "ListNavTemplate" */;
			buildPhases = (
				2220DC8223177E0F00C67525 /* Sources */,
				2220DC8323177E0F00C67525 /* Frameworks */,
				2220DC8423177E0F00C67525 /* Resources */,
			);
			buildRules = (
			);
			dependencies = (
			);
			name = ListNavTemplate;
			productName = ListNavTemplate;
			productReference = 2220DC8623177E0F00C67525 /* ListNavTemplate.app */;
			productType = "com.apple.product-type.application";
		};
/* End PBXNativeTarget section */

/* Begin PBXProject section */
		2220DC7E23177E0F00C67525 /* Project object */ = {
			isa = PBXProject;
			attributes = {
				LastSwiftUpdateCheck = 1100;
				LastUpgradeCheck = 1100;
				ORGANIZATIONNAME = "patrick long";
				TargetAttributes = {
					2220DC8523177E0F00C67525 = {
						CreatedOnToolsVersion = 11.0;
						LastSwiftMigration = 1100;
					};
				};
			};
			buildConfigurationList = 2220DC8123177E0F00C67525 /* Build configuration list for PBXProject "ListNavTemplate" */;
			compatibilityVersion = "Xcode 9.3";
			developmentRegion = en;
			hasScannedForEncodings = 0;
			knownRegions = (
				en,
				Base,
			);
			mainGroup = 2220DC7D23177E0F00C67525;
			productRefGroup = 2220DC8723177E0F00C67525 /* Products */;
			projectDirPath = "";
			projectRoot = "";
			targets = (
				2220DC8523177E0F00C67525 /* ListNavTemplate */,
			);
		};
/* End PBXProject section */

/* Begin PBXResourcesBuildPhase section */
		2220DC8423177E0F00C67525 /* Resources */ = {
			isa = PBXResourcesBuildPhase;
			buildActionMask = 2147483647;
			files = (
				2220DC9623177E1200C67525 /* LaunchScreen.storyboard in Resources */,
				2220DC9323177E1200C67525 /* Preview Assets.xcassets in Resources */,
				2220DC9023177E1200C67525 /* Assets.xcassets in Resources */,
			);
			runOnlyForDeploymentPostprocessing = 0;
		};
/* End PBXResourcesBuildPhase section */

/* Begin PBXSourcesBuildPhase section */
		2220DC8223177E0F00C67525 /* Sources */ = {
			isa = PBXSourcesBuildPhase;
			buildActionMask = 2147483647;
			files = (
				2220DCA723177E7600C67525 /* YourDest.swift in Sources */,
				22FF86A423255FDF00A74880 /* MLNotes.swift in Sources */,
				22FF86B4232EA9DC00A74880 /* SwiftUIViewTopLevel.swift in Sources */,
				22FF86BC232EAAF400A74880 /* DeepLearningListView.swift in Sources */,
				2220DCA523177E7600C67525 /* RootView.swift in Sources */,
				2220DCA423177E7600C67525 /* AppDelegate.swift in Sources */,
				22FF86B6232EAAB700A74880 /* RegressionListView.swift in Sources */,
				2220DCAC231A1DC500C67525 /* Dest.swift in Sources */,
				22FF86B8232EAAD400A74880 /* ClassificationListView.swift in Sources */,
				2285E62C2364BCDA004207C1 /* MetricsListView.swift in Sources */,
				2206F61D2378C9A9003182D7 /* StatsListView.swift in Sources */,
				22FF86C4233053A200A74880 /* ClusteringListView.swift in Sources */,
				2220DCA623177E7600C67525 /* SceneDelegate.swift in Sources */,
			);
			runOnlyForDeploymentPostprocessing = 0;
		};
/* End PBXSourcesBuildPhase section */

/* Begin PBXVariantGroup section */
		2220DC9423177E1200C67525 /* LaunchScreen.storyboard */ = {
			isa = PBXVariantGroup;
			children = (
				2220DC9523177E1200C67525 /* Base */,
			);
			name = LaunchScreen.storyboard;
			sourceTree = "<group>";
		};
/* End PBXVariantGroup section */

/* Begin XCBuildConfiguration section */
		2220DC9823177E1200C67525 /* Debug */ = {
			isa = XCBuildConfiguration;
			buildSettings = {
				ALWAYS_SEARCH_USER_PATHS = NO;
				CLANG_ANALYZER_NONNULL = YES;
				CLANG_ANALYZER_NUMBER_OBJECT_CONVERSION = YES_AGGRESSIVE;
				CLANG_CXX_LANGUAGE_STANDARD = "gnu++14";
				CLANG_CXX_LIBRARY = "libc++";
				CLANG_ENABLE_MODULES = YES;
				CLANG_ENABLE_OBJC_ARC = YES;
				CLANG_ENABLE_OBJC_WEAK = YES;
				CLANG_WARN_BLOCK_CAPTURE_AUTORELEASING = YES;
				CLANG_WARN_BOOL_CONVERSION = YES;
				CLANG_WARN_COMMA = YES;
				CLANG_WARN_CONSTANT_CONVERSION = YES;
				CLANG_WARN_DEPRECATED_OBJC_IMPLEMENTATIONS = YES;
				CLANG_WARN_DIRECT_OBJC_ISA_USAGE = YES_ERROR;
				CLANG_WARN_DOCUMENTATION_COMMENTS = YES;
				CLANG_WARN_EMPTY_BODY = YES;
				CLANG_WARN_ENUM_CONVERSION = YES;
				CLANG_WARN_INFINITE_RECURSION = YES;
				CLANG_WARN_INT_CONVERSION = YES;
				CLANG_WARN_NON_LITERAL_NULL_CONVERSION = YES;
				CLANG_WARN_OBJC_IMPLICIT_RETAIN_SELF = YES;
				CLANG_WARN_OBJC_LITERAL_CONVERSION = YES;
				CLANG_WARN_OBJC_ROOT_CLASS = YES_ERROR;
				CLANG_WARN_RANGE_LOOP_ANALYSIS = YES;
				CLANG_WARN_STRICT_PROTOTYPES = YES;
				CLANG_WARN_SUSPICIOUS_MOVE = YES;
				CLANG_WARN_UNGUARDED_AVAILABILITY = YES_AGGRESSIVE;
				CLANG_WARN_UNREACHABLE_CODE = YES;
				CLANG_WARN__DUPLICATE_METHOD_MATCH = YES;
				COPY_PHASE_STRIP = NO;
				DEBUG_INFORMATION_FORMAT = dwarf;
				ENABLE_STRICT_OBJC_MSGSEND = YES;
				ENABLE_TESTABILITY = YES;
				GCC_C_LANGUAGE_STANDARD = gnu11;
				GCC_DYNAMIC_NO_PIC = NO;
				GCC_NO_COMMON_BLOCKS = YES;
				GCC_OPTIMIZATION_LEVEL = 0;
				GCC_PREPROCESSOR_DEFINITIONS = (
					"DEBUG=1",
					"$(inherited)",
				);
				GCC_WARN_64_TO_32_BIT_CONVERSION = YES;
				GCC_WARN_ABOUT_RETURN_TYPE = YES_ERROR;
				GCC_WARN_UNDECLARED_SELECTOR = YES;
				GCC_WARN_UNINITIALIZED_AUTOS = YES_AGGRESSIVE;
				GCC_WARN_UNUSED_FUNCTION = YES;
				GCC_WARN_UNUSED_VARIABLE = YES;
				IPHONEOS_DEPLOYMENT_TARGET = 13.0;
				MTL_ENABLE_DEBUG_INFO = INCLUDE_SOURCE;
				MTL_FAST_MATH = YES;
				ONLY_ACTIVE_ARCH = YES;
				SDKROOT = iphoneos;
				SWIFT_ACTIVE_COMPILATION_CONDITIONS = DEBUG;
				SWIFT_OPTIMIZATION_LEVEL = "-Onone";
			};
			name = Debug;
		};
		2220DC9923177E1200C67525 /* Release */ = {
			isa = XCBuildConfiguration;
			buildSettings = {
				ALWAYS_SEARCH_USER_PATHS = NO;
				CLANG_ANALYZER_NONNULL = YES;
				CLANG_ANALYZER_NUMBER_OBJECT_CONVERSION = YES_AGGRESSIVE;
				CLANG_CXX_LANGUAGE_STANDARD = "gnu++14";
				CLANG_CXX_LIBRARY = "libc++";
				CLANG_ENABLE_MODULES = YES;
				CLANG_ENABLE_OBJC_ARC = YES;
				CLANG_ENABLE_OBJC_WEAK = YES;
				CLANG_WARN_BLOCK_CAPTURE_AUTORELEASING = YES;
				CLANG_WARN_BOOL_CONVERSION = YES;
				CLANG_WARN_COMMA = YES;
				CLANG_WARN_CONSTANT_CONVERSION = YES;
				CLANG_WARN_DEPRECATED_OBJC_IMPLEMENTATIONS = YES;
				CLANG_WARN_DIRECT_OBJC_ISA_USAGE = YES_ERROR;
				CLANG_WARN_DOCUMENTATION_COMMENTS = YES;
				CLANG_WARN_EMPTY_BODY = YES;
				CLANG_WARN_ENUM_CONVERSION = YES;
				CLANG_WARN_INFINITE_RECURSION = YES;
				CLANG_WARN_INT_CONVERSION = YES;
				CLANG_WARN_NON_LITERAL_NULL_CONVERSION = YES;
				CLANG_WARN_OBJC_IMPLICIT_RETAIN_SELF = YES;
				CLANG_WARN_OBJC_LITERAL_CONVERSION = YES;
				CLANG_WARN_OBJC_ROOT_CLASS = YES_ERROR;
				CLANG_WARN_RANGE_LOOP_ANALYSIS = YES;
				CLANG_WARN_STRICT_PROTOTYPES = YES;
				CLANG_WARN_SUSPICIOUS_MOVE = YES;
				CLANG_WARN_UNGUARDED_AVAILABILITY = YES_AGGRESSIVE;
				CLANG_WARN_UNREACHABLE_CODE = YES;
				CLANG_WARN__DUPLICATE_METHOD_MATCH = YES;
				COPY_PHASE_STRIP = NO;
				DEBUG_INFORMATION_FORMAT = "dwarf-with-dsym";
				ENABLE_NS_ASSERTIONS = NO;
				ENABLE_STRICT_OBJC_MSGSEND = YES;
				GCC_C_LANGUAGE_STANDARD = gnu11;
				GCC_NO_COMMON_BLOCKS = YES;
				GCC_WARN_64_TO_32_BIT_CONVERSION = YES;
				GCC_WARN_ABOUT_RETURN_TYPE = YES_ERROR;
				GCC_WARN_UNDECLARED_SELECTOR = YES;
				GCC_WARN_UNINITIALIZED_AUTOS = YES_AGGRESSIVE;
				GCC_WARN_UNUSED_FUNCTION = YES;
				GCC_WARN_UNUSED_VARIABLE = YES;
				IPHONEOS_DEPLOYMENT_TARGET = 13.0;
				MTL_ENABLE_DEBUG_INFO = NO;
				MTL_FAST_MATH = YES;
				SDKROOT = iphoneos;
				SWIFT_COMPILATION_MODE = wholemodule;
				SWIFT_OPTIMIZATION_LEVEL = "-O";
				VALIDATE_PRODUCT = YES;
			};
			name = Release;
		};
		2220DC9B23177E1200C67525 /* Debug */ = {
			isa = XCBuildConfiguration;
			buildSettings = {
				ASSETCATALOG_COMPILER_APPICON_NAME = AppIcon;
				CLANG_ENABLE_MODULES = YES;
				CODE_SIGN_STYLE = Automatic;
				DEVELOPMENT_ASSET_PATHS = "ListNavTemplate/Preview\\ Content";
				ENABLE_PREVIEWS = YES;
				INFOPLIST_FILE = ListNavTemplate/Info.plist;
				LD_RUNPATH_SEARCH_PATHS = (
					"$(inherited)",
					"@executable_path/Frameworks",
				);
				PRODUCT_BUNDLE_IDENTIFIER = patrick.long.ListNavTemplate;
				PRODUCT_NAME = "$(TARGET_NAME)";
				SWIFT_OPTIMIZATION_LEVEL = "-Onone";
				SWIFT_VERSION = 5.0;
				TARGETED_DEVICE_FAMILY = "1,2";
			};
			name = Debug;
		};
		2220DC9C23177E1200C67525 /* Release */ = {
			isa = XCBuildConfiguration;
			buildSettings = {
				ASSETCATALOG_COMPILER_APPICON_NAME = AppIcon;
				CLANG_ENABLE_MODULES = YES;
				CODE_SIGN_STYLE = Automatic;
				DEVELOPMENT_ASSET_PATHS = "ListNavTemplate/Preview\\ Content";
				ENABLE_PREVIEWS = YES;
				INFOPLIST_FILE = ListNavTemplate/Info.plist;
				LD_RUNPATH_SEARCH_PATHS = (
					"$(inherited)",
					"@executable_path/Frameworks",
				);
				PRODUCT_BUNDLE_IDENTIFIER = patrick.long.ListNavTemplate;
				PRODUCT_NAME = "$(TARGET_NAME)";
				SWIFT_VERSION = 5.0;
				TARGETED_DEVICE_FAMILY = "1,2";
			};
			name = Release;
		};
/* End XCBuildConfiguration section */

/* Begin XCConfigurationList section */
		2220DC8123177E0F00C67525 /* Build configuration list for PBXProject "ListNavTemplate" */ = {
			isa = XCConfigurationList;
			buildConfigurations = (
				2220DC9823177E1200C67525 /* Debug */,
				2220DC9923177E1200C67525 /* Release */,
			);
			defaultConfigurationIsVisible = 0;
			defaultConfigurationName = Release;
		};
		2220DC9A23177E1200C67525 /* Build configuration list for PBXNativeTarget "ListNavTemplate" */ = {
			isa = XCConfigurationList;
			buildConfigurations = (
				2220DC9B23177E1200C67525 /* Debug */,
				2220DC9C23177E1200C67525 /* Release */,
			);
			defaultConfigurationIsVisible = 0;
			defaultConfigurationName = Release;
		};
/* End XCConfigurationList section */
	};
	rootObject = 2220DC7E23177E0F00C67525 /* Project object */;
}
